
Microsoft Visual Studio Solution File, Format Version 12.00
# Visual Studio Version 16
VisualStudioVersion = 16.0.29911.84
MinimumVisualStudioVersion = 10.0.40219.1
Project("{FAE04EC0-301F-11D3-BF4B-00C04F79EFBC}") = "NetworkAdapter", "NetworkAdapter\NetworkAdapter.csproj", "{D879D44A-7E98-4943-9B51-B704A375E3D7}"
EndProject
Project("{FAE04EC0-301F-11D3-BF4B-00C04F79EFBC}") = "MyLibrary", "MyLibrary\MyLibrary.csproj", "{A301ED09-0320-4150-BDAC-659E65E02D5B}"
EndProject
Global
	GlobalSection(SolutionConfigurationPlatforms) = preSolution
		Debug|Any CPU = Debug|Any CPU
		Release|Any CPU = Release|Any CPU
	EndGlobalSection
	GlobalSection(ProjectConfigurationPlatforms) = postSolution
		{D879D44A-7E98-4943-9B51-B704A375E3D7}.Debug|Any CPU.ActiveCfg = Debug|Any CPU
		{D879D44A-7E98-4943-9B51-B704A375E3D7}.Debug|Any CPU.Build.0 = Debug|Any CPU
		{D879D44A-7E98-4943-9B51-B704A375E3D7}.Release|Any CPU.ActiveCfg = Release|Any CPU
		{D879D44A-7E98-4943-9B51-B704A375E3D7}.Release|Any CPU.Build.0 = Release|Any CPU
		{A301ED09-0320-4150-BDAC-659E65E02D5B}.Debug|Any CPU.ActiveCfg = Debug|Any CPU
		{A301ED09-0320-4150-BDAC-659E65E02D5B}.Debug|Any CPU.Build.0 = Debug|Any CPU
		{A301ED09-0320-4150-BDAC-659E65E02D5B}.Release|Any CPU.ActiveCfg = Release|Any CPU
		{A301ED09-0320-4150-BDAC-659E65E02D5B}.Release|Any CPU.Build.0 = Release|Any CPU
	EndGlobalSection
	GlobalSection(SolutionProperties) = preSolution
		HideSolutionNode = FALSE
	EndGlobalSection
	GlobalSection(ExtensibilityGlobals) = postSolution
		SolutionGuid = {812490E5-3C74-4A40-93AB-7DA94B3DA4F9}
	EndGlobalSection
EndGlobal
